
Microsoft Visual Studio Solution File, Format Version 12.00
# Visual Studio 15
VisualStudioVersion = 15.0.27703.2018
MinimumVisualStudioVersion = 10.0.40219.1
Project("{9A19103F-16F7-4668-BE54-9A1E7A4F7556}") = "Log4net.Appenders.Fluentd", "src\Log4net.Appenders.Fluentd\Log4net.Appenders.Fluentd.csproj", "{BDF2DF19-485E-4D2D-80C1-471D2F865108}"
EndProject
Project("{9A19103F-16F7-4668-BE54-9A1E7A4F7556}") = "DemoApp", "src\DemoApp\DemoApp.csproj", "{AA90B41B-EF89-4A47-B9CE-753ED364AC59}"
EndProject
Global
	GlobalSection(SolutionConfigurationPlatforms) = preSolution
		Debug|Any CPU = Debug|Any CPU
		Release|Any CPU = Release|Any CPU
	EndGlobalSection
	GlobalSection(ProjectConfigurationPlatforms) = postSolution
		{BDF2DF19-485E-4D2D-80C1-471D2F865108}.Debug|Any CPU.ActiveCfg = Debug|Any CPU
		{BDF2DF19-485E-4D2D-80C1-471D2F865108}.Debug|Any CPU.Build.0 = Debug|Any CPU
		{BDF2DF19-485E-4D2D-80C1-471D2F865108}.Release|Any CPU.ActiveCfg = Release|Any CPU
		{BDF2DF19-485E-4D2D-80C1-471D2F865108}.Release|Any CPU.Build.0 = Release|Any CPU
		{AA90B41B-EF89-4A47-B9CE-753ED364AC59}.Debug|Any CPU.ActiveCfg = Debug|Any CPU
		{AA90B41B-EF89-4A47-B9CE-753ED364AC59}.Debug|Any CPU.Build.0 = Debug|Any CPU
		{AA90B41B-EF89-4A47-B9CE-753ED364AC59}.Release|Any CPU.ActiveCfg = Release|Any CPU
		{AA90B41B-EF89-4A47-B9CE-753ED364AC59}.Release|Any CPU.Build.0 = Release|Any CPU
	EndGlobalSection
	GlobalSection(SolutionProperties) = preSolution
		HideSolutionNode = FALSE
	EndGlobalSection
	GlobalSection(ExtensibilityGlobals) = postSolution
		SolutionGuid = {C161111F-2286-4BEA-B291-C59AB20625EB}
	EndGlobalSection
EndGlobal
